<?xml version="1.0" encoding="utf-8"?>
<Project ToolsVersion="4.0" xmlns="http://schemas.microsoft.com/developer/msbuild/2003">
  <ItemGroup>
    <Filter Include="Init">
      <UniqueIdentifier>{133342e2-89aa-43a0-bcb7-a8de80cb8046}</UniqueIdentifier>
    </Filter>
    <Filter Include="Debug">
      <UniqueIdentifier>{25e2a9be-e494-4dec-aee3-b7a6702feb14}</UniqueIdentifier>
    </Filter>
  </ItemGroup>
  <ItemGroup>
    <ClCompile Include="entry.cpp">
      <Filter>Init</Filter>
    </ClCompile>
    <ClCompile Include="main.cpp">
      <Filter>Init</Filter>
    </ClCompile>
    <ClCompile Include="DebugDisplay.cpp">
      <Filter>Debug</Filter>
    </ClCompile>
    <ClCompile Include="exception.cpp" />
    <ClCompile Include="fsys.cpp" />
    <ClCompile Include="mmngr_phys.cpp" />
    <ClCompile Include="mmngr_virtual.cpp" />
    <ClCompile Include="panic.cpp" />
    <ClCompile Include="sysapi.cpp" />
    <ClCompile Include="task.cpp" />
    <ClCompile Include="vmmngr_pde.cpp" />
    <ClCompile Include="vmmngr_pte.cpp" />
    <ClCompile Include="fat12.cpp" />
    <ClCompile Include="flpydsk.cpp" />
    <ClCompile Include="kheap.cpp" />
    <ClCompile Include="ordered_array.cpp" />
    <ClCompile Include="Plane.cpp" />
    <ClCompile Include="ZetPlane.cpp" />
    <ClCompile Include="ProcessManager.cpp" />
    <ClCompile Include="List.cpp" />
    <ClCompile Include="sprintf.cpp" />
    <ClCompile Include="Scheduler.cpp" />
    <ClCompile Include="Process.cpp" />
    <ClCompile Include="Thread.cpp" />
    <ClCompile Include="Harddisk.cpp" />
  </ItemGroup>
  <ItemGroup>
    <ClInclude Include="DebugDisplay.h">
      <Filter>Debug</Filter>
    </ClInclude>
    <ClInclude Include="exception.h" />
    <ClInclude Include="image.h" />
    <ClInclude Include="mmngr_phys.h" />
    <ClInclude Include="mmngr_virtual.h" />
    <ClInclude Include="sysapi.h" />
    <ClInclude Include="task.h" />
    <ClInclude Include="vmmngr_pde.h" />
    <ClInclude Include="vmmngr_pte.h" />
    <ClInclude Include="flpydsk.h" />
    <ClInclude Include="kheap.h" />
    <ClInclude Include="ordered_array.h" />
    <ClInclude Include="common.h" />
    <ClInclude Include="Plane.h" />
    <ClInclude Include="ZetPlane.h" />
    <ClInclude Include="ProcessManager.h" />
    <ClInclude Include="List.h" />
    <ClInclude Include="Scheduler.h" />
    <ClInclude Include="TaskStateSegment.h" />
    <ClInclude Include="Process.h" />
    <ClInclude Include="Thread.h" />
    <ClInclude Include="HardDisk.h" />
  </ItemGroup>
  <ItemGroup>
    <ResourceCompile Include="Resource.rc" />
  </ItemGroup>
</Project>